<?xml version="1.0" encoding="utf-8"?>
<Project ToolsVersion="4.0" xmlns="http://schemas.microsoft.com/developer/msbuild/2003">
  <ItemGroup>
    <Filter Include="Source Files">
      <UniqueIdentifier>{4FC737F1-C7A5-4376-A066-2A32D752A2FF}</UniqueIdentifier>
      <Extensions>cpp;c;cc;cxx;def;odl;idl;hpj;bat;asm;asmx</Extensions>
    </Filter>
    <Filter Include="Header Files">
      <UniqueIdentifier>{93995380-89BD-4b04-88EB-625FBE52EBFB}</UniqueIdentifier>
      <Extensions>h;hh;hpp;hxx;hm;inl;inc;xsd</Extensions>
    </Filter>
    <Filter Include="Resource Files">
      <UniqueIdentifier>{67DA6AB6-F800-4c08-8B7A-83BB121AAD01}</UniqueIdentifier>
      <Extensions>rc;ico;cur;bmp;dlg;rc2;rct;bin;rgs;gif;jpg;jpeg;jpe;resx;tiff;tif;png;wav;mfcribbon-ms</Extensions>
    </Filter>
  </ItemGroup>
  <ItemGroup>
    <Text Include="ReadMe.txt" />
  </ItemGroup>
  <ItemGroup>
    <ClInclude Include="Src\POFDataStructs.h">
      <Filter>Header Files</Filter>
    </ClInclude>
    <ClInclude Include="Src\vector3d.h">
      <Filter>Header Files</Filter>
    </ClInclude>
    <ClInclude Include="Src\pcs_file.h">
      <Filter>Header Files</Filter>
    </ClInclude>
    <ClInclude Include="Src\pcs_file_dstructs.h">
      <Filter>Header Files</Filter>
    </ClInclude>
    <ClInclude Include="Src\matrix3d.h">
      <Filter>Header Files</Filter>
    </ClInclude>
    <ClInclude Include="Src\color.h">
      <Filter>Header Files</Filter>
    </ClInclude>
    <ClInclude Include="Src\omnipoints.h">
      <Filter>Header Files</Filter>
    </ClInclude>
    <ClInclude Include="Src\async_progress.h">
      <Filter>Header Files</Filter>
    </ClInclude>
    <ClInclude Include="Src\pcs_pof_bspfuncs.h">
      <Filter>Header Files</Filter>
    </ClInclude>
    <ClInclude Include="Src\BSPDataStructs.h">
      <Filter>Header Files</Filter>
    </ClInclude>
    <ClInclude Include="Src\POFHandler.h">
      <Filter>Header Files</Filter>
    </ClInclude>
    <ClInclude Include="Src\BSPHandler.h">
      <Filter>Header Files</Filter>
    </ClInclude>
    <ClInclude Include="Src\DAEDataStructs.h">
      <Filter>Header Files</Filter>
    </ClInclude>
    <ClInclude Include="pugixml\pugiconfig.hpp">
      <Filter>Header Files</Filter>
    </ClInclude>
    <ClInclude Include="pugixml\pugixml.hpp">
      <Filter>Header Files</Filter>
    </ClInclude>
    <ClInclude Include="Src\DAEHandler.h">
      <Filter>Header Files</Filter>
    </ClInclude>
  </ItemGroup>
  <ItemGroup>
    <ClCompile Include="Convert.cpp">
      <Filter>Source Files</Filter>
    </ClCompile>
    <ClCompile Include="Src\vector3d.cpp">
      <Filter>Source Files</Filter>
    </ClCompile>
    <ClCompile Include="Src\pcs_file_dstructs.cpp">
      <Filter>Source Files</Filter>
    </ClCompile>
    <ClCompile Include="Src\pcs_file.cpp">
      <Filter>Source Files</Filter>
    </ClCompile>
    <ClCompile Include="Src\matrix3d.cpp">
      <Filter>Source Files</Filter>
    </ClCompile>
    <ClCompile Include="Src\BSPDataStructs.cpp">
      <Filter>Source Files</Filter>
    </ClCompile>
    <ClCompile Include="Src\BSPHandler.cpp">
      <Filter>Source Files</Filter>
    </ClCompile>
    <ClCompile Include="Src\pcs_pof_bspfuncs.cpp">
      <Filter>Source Files</Filter>
    </ClCompile>
    <ClCompile Include="Src\POFHandler.cpp">
      <Filter>Source Files</Filter>
    </ClCompile>
    <ClCompile Include="pugixml\pugixml.cpp">
      <Filter>Source Files</Filter>
    </ClCompile>
    <ClCompile Include="Src\DAEHandler.cpp">
      <Filter>Source Files</Filter>
    </ClCompile>
  </ItemGroup>
  <ItemGroup>
    <Library Include="..\..\..\..\..\..\libraries\boost\boost_1_55_0\stage\lib\libboost_regex-vc120-mt-gd-1_55.lib" />
  </ItemGroup>
</Project>